
Microsoft Visual Studio Solution File, Format Version 12.00
# Visual Studio 14
VisualStudioVersion = 14.0.24720.0
MinimumVisualStudioVersion = 10.0.40219.1
Project("{FAE04EC0-301F-11D3-BF4B-00C04F79EFBC}") = "ProjectRVA", "ProjectRVA.csproj", "{E993526E-E566-4EE6-9822-2DF63C9E679F}"
EndProject
Global
	GlobalSection(SolutionConfigurationPlatforms) = preSolution
		Debug|Any CPU = Debug|Any CPU
		Release|Any CPU = Release|Any CPU
	EndGlobalSection
	GlobalSection(ProjectConfigurationPlatforms) = postSolution
		{E993526E-E566-4EE6-9822-2DF63C9E679F}.Debug|Any CPU.ActiveCfg = Debug|Any CPU
		{E993526E-E566-4EE6-9822-2DF63C9E679F}.Debug|Any CPU.Build.0 = Debug|Any CPU
		{E993526E-E566-4EE6-9822-2DF63C9E679F}.Release|Any CPU.ActiveCfg = Release|Any CPU
		{E993526E-E566-4EE6-9822-2DF63C9E679F}.Release|Any CPU.Build.0 = Release|Any CPU
	EndGlobalSection
	GlobalSection(SolutionProperties) = preSolution
		HideSolutionNode = FALSE
	EndGlobalSection
EndGlobal
